
Microsoft Visual Studio Solution File, Format Version 12.00
# Visual Studio Version 17
VisualStudioVersion = 17.8.34511.84
MinimumVisualStudioVersion = 10.0.40219.1
Project("{FAE04EC0-301F-11D3-BF4B-00C04F79EFBC}") = "NET105_JWT", "NET105_JWT\NET105_JWT.csproj", "{30D20D2C-FC54-4268-9D71-BFBF622A1E4F}"
EndProject
Project("{FAE04EC0-301F-11D3-BF4B-00C04F79EFBC}") = "Shared", "Shared\Shared.csproj", "{B7E652F0-788F-4D88-919A-9923A294A172}"
EndProject
Global
	GlobalSection(SolutionConfigurationPlatforms) = preSolution
		Debug|Any CPU = Debug|Any CPU
		Release|Any CPU = Release|Any CPU
	EndGlobalSection
	GlobalSection(ProjectConfigurationPlatforms) = postSolution
		{30D20D2C-FC54-4268-9D71-BFBF622A1E4F}.Debug|Any CPU.ActiveCfg = Debug|Any CPU
		{30D20D2C-FC54-4268-9D71-BFBF622A1E4F}.Debug|Any CPU.Build.0 = Debug|Any CPU
		{30D20D2C-FC54-4268-9D71-BFBF622A1E4F}.Release|Any CPU.ActiveCfg = Release|Any CPU
		{30D20D2C-FC54-4268-9D71-BFBF622A1E4F}.Release|Any CPU.Build.0 = Release|Any CPU
		{B7E652F0-788F-4D88-919A-9923A294A172}.Debug|Any CPU.ActiveCfg = Debug|Any CPU
		{B7E652F0-788F-4D88-919A-9923A294A172}.Debug|Any CPU.Build.0 = Debug|Any CPU
		{B7E652F0-788F-4D88-919A-9923A294A172}.Release|Any CPU.ActiveCfg = Release|Any CPU
		{B7E652F0-788F-4D88-919A-9923A294A172}.Release|Any CPU.Build.0 = Release|Any CPU
	EndGlobalSection
	GlobalSection(SolutionProperties) = preSolution
		HideSolutionNode = FALSE
	EndGlobalSection
	GlobalSection(ExtensibilityGlobals) = postSolution
		SolutionGuid = {080EE79B-568A-4AEA-A9A7-E2804EADB777}
	EndGlobalSection
EndGlobal
